<?xml version="1.0" encoding="utf-8"?>
<Project ToolsVersion="4.0" xmlns="http://schemas.microsoft.com/developer/msbuild/2003">
  <ItemGroup>
    <Filter Include="Source Files">
      <UniqueIdentifier>{4FC737F1-C7A5-4376-A066-2A32D752A2FF}</UniqueIdentifier>
      <Extensions>cpp;c;cc;cxx;c++;cppm;ixx;def;odl;idl;hpj;bat;asm;asmx</Extensions>
    </Filter>
    <Filter Include="Header Files">
      <UniqueIdentifier>{93995380-89BD-4b04-88EB-625FBE52EBFB}</UniqueIdentifier>
      <Extensions>h;hh;hpp;hxx;h++;hm;inl;inc;ipp;xsd</Extensions>
    </Filter>
    <Filter Include="Resource Files">
      <UniqueIdentifier>{67DA6AB6-F800-4c08-8B7A-83BB121AAD01}</UniqueIdentifier>
      <Extensions>rc;ico;cur;bmp;dlg;rc2;rct;bin;rgs;gif;jpg;jpeg;jpe;resx;tiff;tif;png;wav;mfcribbon-ms</Extensions>
    </Filter>
    <Filter Include="Header Files\Scene">
      <UniqueIdentifier>{45fecf3b-a1bc-430c-9fea-265b8b280cac}</UniqueIdentifier>
    </Filter>
    <Filter Include="Source Files\Scene">
      <UniqueIdentifier>{d2de9310-ff13-4617-9177-ce6d938cd7d1}</UniqueIdentifier>
    </Filter>
    <Filter Include="Header Files\Input">
      <UniqueIdentifier>{434fa82d-c078-4b96-9119-59974f73d1dc}</UniqueIdentifier>
    </Filter>
    <Filter Include="Source Files\Input">
      <UniqueIdentifier>{61d3ff6c-e3f7-4ddc-8308-bdeccd6f4a18}</UniqueIdentifier>
    </Filter>
    <Filter Include="Header Files\Physics">
      <UniqueIdentifier>{9bea700c-ec8f-4ee1-b967-231bb9824e62}</UniqueIdentifier>
    </Filter>
    <Filter Include="Source Files\Physics">
      <UniqueIdentifier>{28d2fa39-c417-4512-8d87-bb279c5adfcc}</UniqueIdentifier>
    </Filter>
  </ItemGroup>
  <ItemGroup>
    <ClCompile Include="src\main.cpp">
      <Filter>Source Files</Filter>
    </ClCompile>
    <ClCompile Include="src\MinecraftWindow.cpp">
      <Filter>Source Files</Filter>
    </ClCompile>
    <ClCompile Include="src\Shader.cpp">
      <Filter>Source Files</Filter>
    </ClCompile>
    <ClCompile Include="src\ShaderProgram.cpp">
      <Filter>Source Files</Filter>
    </ClCompile>
    <ClCompile Include="src\Buffer.cpp">
      <Filter>Source Files</Filter>
    </ClCompile>
    <ClCompile Include="src\VertexArray.cpp">
      <Filter>Source Files</Filter>
    </ClCompile>
    <ClCompile Include="src\Render.cpp">
      <Filter>Source Files</Filter>
    </ClCompile>
    <ClCompile Include="include\Mesh.h">
      <Filter>Header Files</Filter>
    </ClCompile>
    <ClCompile Include="src\Scene\Scene.cpp">
      <Filter>Source Files\Scene</Filter>
    </ClCompile>
    <ClCompile Include="src\Scene\Cube.cpp">
      <Filter>Source Files\Scene</Filter>
    </ClCompile>
    <ClCompile Include="src\Camera.cpp">
      <Filter>Source Files</Filter>
    </ClCompile>
    <ClCompile Include="src\Texture.cpp">
      <Filter>Source Files</Filter>
    </ClCompile>
    <ClCompile Include="include\Mesh.cpp">
      <Filter>Source Files</Filter>
    </ClCompile>
    <ClCompile Include="include\HandleObject.h">
      <Filter>Header Files</Filter>
    </ClCompile>
    <ClCompile Include="src\Map.cpp">
      <Filter>Source Files</Filter>
    </ClCompile>
    <ClCompile Include="src\Input\Inputs.cpp">
      <Filter>Source Files\Input</Filter>
    </ClCompile>
    <ClCompile Include="include\BlockConstructor.h">
      <Filter>Header Files</Filter>
    </ClCompile>
    <ClCompile Include="include\BlockConstructor.cpp">
      <Filter>Source Files</Filter>
    </ClCompile>
    <ClCompile Include="src\Physics\BoxCollision.cpp">
      <Filter>Source Files\Physics</Filter>
    </ClCompile>
    <ClCompile Include="src\BlockDestroyer.cpp">
      <Filter>Source Files</Filter>
    </ClCompile>
    <ClCompile Include="src\WorldChunck.cpp">
      <Filter>Source Files</Filter>
    </ClCompile>
    <ClCompile Include="src\RenderObjectData.cpp">
      <Filter>Source Files</Filter>
    </ClCompile>
  </ItemGroup>
  <ItemGroup>
    <ClInclude Include="include\MinecraftWindow.h">
      <Filter>Header Files</Filter>
    </ClInclude>
    <ClInclude Include="include\Shader.h">
      <Filter>Header Files</Filter>
    </ClInclude>
    <ClInclude Include="include\ShaderProgram.h">
      <Filter>Header Files</Filter>
    </ClInclude>
    <ClInclude Include="include\Buffer.h">
      <Filter>Header Files</Filter>
    </ClInclude>
    <ClInclude Include="include\VertexArray.h">
      <Filter>Header Files</Filter>
    </ClInclude>
    <ClInclude Include="include\Render.h">
      <Filter>Header Files</Filter>
    </ClInclude>
    <ClInclude Include="include\Scene\Scene.h">
      <Filter>Header Files\Scene</Filter>
    </ClInclude>
    <ClInclude Include="include\Scene\Cube.h">
      <Filter>Header Files\Scene</Filter>
    </ClInclude>
    <ClInclude Include="include\Camera.h">
      <Filter>Header Files</Filter>
    </ClInclude>
    <ClInclude Include="include\stb_image.h">
      <Filter>Header Files</Filter>
    </ClInclude>
    <ClInclude Include="include\Texture.h">
      <Filter>Header Files</Filter>
    </ClInclude>
    <ClInclude Include="include\tiny_obj_loader.h">
      <Filter>Header Files</Filter>
    </ClInclude>
    <ClInclude Include="include\Map.h">
      <Filter>Header Files</Filter>
    </ClInclude>
    <ClInclude Include="include\Input\InputAction.h">
      <Filter>Header Files\Input</Filter>
    </ClInclude>
    <ClInclude Include="include\HandleTimer.h">
      <Filter>Header Files</Filter>
    </ClInclude>
    <ClInclude Include="include\Input\Inputs.h">
      <Filter>Header Files\Input</Filter>
    </ClInclude>
    <ClInclude Include="include\PerlinNoise.h">
      <Filter>Header Files</Filter>
    </ClInclude>
    <ClInclude Include="include\Physics\Collision.h">
      <Filter>Header Files\Physics</Filter>
    </ClInclude>
    <ClInclude Include="include\Physics\BoxCollision.h">
      <Filter>Header Files\Physics</Filter>
    </ClInclude>
    <ClInclude Include="include\Physics\RayHitResult.h">
      <Filter>Header Files\Physics</Filter>
    </ClInclude>
    <ClInclude Include="include\BlockDestroyer.h">
      <Filter>Header Files</Filter>
    </ClInclude>
    <ClInclude Include="include\WorldChunck.h">
      <Filter>Header Files</Filter>
    </ClInclude>
    <ClInclude Include="include\Frustum.h">
      <Filter>Header Files</Filter>
    </ClInclude>
    <ClInclude Include="include\RenderObjectData.h">
      <Filter>Header Files</Filter>
    </ClInclude>
    <ClInclude Include="include\MinecraftData.h">
      <Filter>Header Files</Filter>
    </ClInclude>
    <ClInclude Include="include\KeyCode.h">
      <Filter>Header Files</Filter>
    </ClInclude>
  </ItemGroup>
  <ItemGroup>
    <None Include="Shaders\FragmentShader.frag">
      <Filter>Resource Files</Filter>
    </None>
    <None Include="Shaders\VertexShader.vert">
      <Filter>Resource Files</Filter>
    </None>
  </ItemGroup>
</Project>